
Microsoft Visual Studio Solution File, Format Version 12.00
# Visual Studio 15
VisualStudioVersion = 15.0.28307.757
MinimumVisualStudioVersion = 10.0.40219.1
Project("{FAE04EC0-301F-11D3-BF4B-00C04F79EFBC}") = "IMWE001-Accounting", "IMWE001-Accounting\IMWE001-Accounting.csproj", "{FAAD63D4-F94E-4151-B5A2-D5014BA10C6B}"
EndProject
Global
	GlobalSection(SolutionConfigurationPlatforms) = preSolution
		Debug|Any CPU = Debug|Any CPU
		Release|Any CPU = Release|Any CPU
	EndGlobalSection
	GlobalSection(ProjectConfigurationPlatforms) = postSolution
		{FAAD63D4-F94E-4151-B5A2-D5014BA10C6B}.Debug|Any CPU.ActiveCfg = Debug|Any CPU
		{FAAD63D4-F94E-4151-B5A2-D5014BA10C6B}.Debug|Any CPU.Build.0 = Debug|Any CPU
		{FAAD63D4-F94E-4151-B5A2-D5014BA10C6B}.Release|Any CPU.ActiveCfg = Release|Any CPU
		{FAAD63D4-F94E-4151-B5A2-D5014BA10C6B}.Release|Any CPU.Build.0 = Release|Any CPU
	EndGlobalSection
	GlobalSection(SolutionProperties) = preSolution
		HideSolutionNode = FALSE
	EndGlobalSection
	GlobalSection(ExtensibilityGlobals) = postSolution
		SolutionGuid = {A7282697-D150-4113-B709-F2DF10E89F9D}
	EndGlobalSection
EndGlobal
